# This file is automatically @generated by Cargo.
# It is not intended for manual editing.
version = 4

[[package]]
name = "borrow_cases"
version = "0.1.0"

[[package]]
name = "commerce_app"
version = "0.1.0"

[[package]]
name = "move_cases"
version = "0.1.0"

[[package]]
name = "mutation_cases"
version = "0.1.0"

[[package]]
name = "repair_rc"
version = "0.1.0"

[[package]]
name = "repair_rc_refcell"
version = "0.1.0"

[[package]]
name = "repair_refcell"
version = "0.1.0"

[[package]]
name = "unsupported_cases"
version = "0.1.0"

[[package]]
name = "valid_patterns"
version = "0.1.0"
